// !$*UTF8*$!
{
	archiveVersion = 1;
	classes = {
	};
	objectVersion = 46;
	objects = {

/* Begin PBXBuildFile section */
		4F1AE3361CC5CD6E0011BEBB /* C006ZigzagConversion.cpp in Sources */ = {isa = PBXBuildFile; fileRef = 4F1AE3341CC5CD6E0011BEBB /* C006ZigzagConversion.cpp */; };
		4F1AE33C1CC684CB0011BEBB /* C007ReverseInteger.cpp in Sources */ = {isa = PBXBuildFile; fileRef = 4F1AE33A1CC684CB0011BEBB /* C007ReverseInteger.cpp */; };
		4F1AE33F1CC693D80011BEBB /* C008StringToInteger.cpp in Sources */ = {isa = PBXBuildFile; fileRef = 4F1AE33D1CC693D80011BEBB /* C008StringToInteger.cpp */; };
		4F1AE3461CC775260011BEBB /* C096UniqueBinarySearchTrees.cpp in Sources */ = {isa = PBXBuildFile; fileRef = 4F1AE3441CC775260011BEBB /* C096UniqueBinarySearchTrees.cpp */; };
		4F1AE3491CC9C08F0011BEBB /* C098ValidateBinarySearchTree.cpp in Sources */ = {isa = PBXBuildFile; fileRef = 4F1AE3471CC9C08F0011BEBB /* C098ValidateBinarySearchTree.cpp */; };
		4F207A031C916FEE0013D4C0 /* main.cpp in Sources */ = {isa = PBXBuildFile; fileRef = 4F207A021C916FEE0013D4C0 /* main.cpp */; };
		4F207A0B1C91703C0013D4C0 /* C002Add2Nums.cpp in Sources */ = {isa = PBXBuildFile; fileRef = 4F207A091C91703C0013D4C0 /* C002Add2Nums.cpp */; };
		4F207A0E1C917AD70013D4C0 /* C001TwoSum.cpp in Sources */ = {isa = PBXBuildFile; fileRef = 4F207A0C1C917AD70013D4C0 /* C001TwoSum.cpp */; };
		4F46527B1CC4D9CA008A886B /* C257BinaryTreePath.cpp in Sources */ = {isa = PBXBuildFile; fileRef = 4F4652791CC4D9CA008A886B /* C257BinaryTreePath.cpp */; };
		4F46527E1CC4EB13008A886B /* C113PathSumII.cpp in Sources */ = {isa = PBXBuildFile; fileRef = 4F46527C1CC4EB13008A886B /* C113PathSumII.cpp */; };
		4F4652811CC52BC1008A886B /* C112PathSum.cpp in Sources */ = {isa = PBXBuildFile; fileRef = 4F46527F1CC52BC1008A886B /* C112PathSum.cpp */; };
		4F709FFC1CA54E4500A36A03 /* C104MaxDepthOfBTree.cpp in Sources */ = {isa = PBXBuildFile; fileRef = 4F709FFA1CA54E4500A36A03 /* C104MaxDepthOfBTree.cpp */; };
		4F709FFF1CA9090A00A36A03 /* C111MinDepthOfBTree.cpp in Sources */ = {isa = PBXBuildFile; fileRef = 4F709FFD1CA9090A00A36A03 /* C111MinDepthOfBTree.cpp */; };
		4FB5BB321CCFB9E8002916B6 /* C013Roman2Integer.cpp in Sources */ = {isa = PBXBuildFile; fileRef = 4FB5BB301CCFB9E8002916B6 /* C013Roman2Integer.cpp */; };
		4FB5BB351CCFCB6B002916B6 /* C012Integer2Roman.cpp in Sources */ = {isa = PBXBuildFile; fileRef = 4FB5BB331CCFCB6B002916B6 /* C012Integer2Roman.cpp */; };
		4FC321FB1C97F7D6008351B2 /* C035SearchInsertPosition.cpp in Sources */ = {isa = PBXBuildFile; fileRef = 4FC321F91C97F7D6008351B2 /* C035SearchInsertPosition.cpp */; };
		4FC557621CBB81BE00238B52 /* C101SymmetricTree.cpp in Sources */ = {isa = PBXBuildFile; fileRef = 4FC557601CBB81BE00238B52 /* C101SymmetricTree.cpp */; };
		4FCCA8321CC0933A002C6979 /* C102_BinaryTreeLevelOrderTraversal.cpp in Sources */ = {isa = PBXBuildFile; fileRef = 4FCCA8301CC0933A002C6979 /* C102_BinaryTreeLevelOrderTraversal.cpp */; };
		4FCCA8381CC0F603002C6979 /* C103BinaryTreeZigzagLevelOrderTraversal.cpp in Sources */ = {isa = PBXBuildFile; fileRef = 4FCCA8361CC0F603002C6979 /* C103BinaryTreeZigzagLevelOrderTraversal.cpp */; };
		4FEE19A41CB020CC00EA0E39 /* C003LengthOfLongestSubstring.cpp in Sources */ = {isa = PBXBuildFile; fileRef = 4FEE19A21CB020CC00EA0E39 /* C003LengthOfLongestSubstring.cpp */; };
		4FEE19A71CB69F2B00EA0E39 /* C226InvertBinaryTree.cpp in Sources */ = {isa = PBXBuildFile; fileRef = 4FEE19A51CB69F2B00EA0E39 /* C226InvertBinaryTree.cpp */; };
		4FEE19AA1CB6B0D900EA0E39 /* C100SameTree.cpp in Sources */ = {isa = PBXBuildFile; fileRef = 4FEE19A81CB6B0D900EA0E39 /* C100SameTree.cpp */; };
		4FF1BF9F1CAA3AFB006F930B /* CBinaryTree.cpp in Sources */ = {isa = PBXBuildFile; fileRef = 4FF1BF9D1CAA3AFB006F930B /* CBinaryTree.cpp */; };
		4FF1BFA21CAA3C87006F930B /* C114BinaryTreePreorderTraversal.cpp in Sources */ = {isa = PBXBuildFile; fileRef = 4FF1BFA01CAA3C87006F930B /* C114BinaryTreePreorderTraversal.cpp */; };
		4FF1BFA51CAA4603006F930B /* C094BinaryTreeInorderTraversal.cpp in Sources */ = {isa = PBXBuildFile; fileRef = 4FF1BFA31CAA4603006F930B /* C094BinaryTreeInorderTraversal.cpp */; };
		4FF1BFA81CAA49DC006F930B /* C145BinaryTreePostorderTraversal.cpp in Sources */ = {isa = PBXBuildFile; fileRef = 4FF1BFA61CAA49DC006F930B /* C145BinaryTreePostorderTraversal.cpp */; };
		4FF1BFAB1CAA8DC9006F930B /* C206ReverseLinkedList.cpp in Sources */ = {isa = PBXBuildFile; fileRef = 4FF1BFA91CAA8DC9006F930B /* C206ReverseLinkedList.cpp */; };
		4FF1BFAE1CAAE553006F930B /* C092ReverseLinkedListII.cpp in Sources */ = {isa = PBXBuildFile; fileRef = 4FF1BFAC1CAAE553006F930B /* C092ReverseLinkedListII.cpp */; };
/* End PBXBuildFile section */

/* Begin PBXCopyFilesBuildPhase section */
		4F2079FD1C916FEE0013D4C0 /* CopyFiles */ = {
			isa = PBXCopyFilesBuildPhase;
			buildActionMask = 2147483647;
			dstPath = /usr/share/man/man1/;
			dstSubfolderSpec = 0;
			files = (
			);
			runOnlyForDeploymentPostprocessing = 1;
		};
/* End PBXCopyFilesBuildPhase section */

/* Begin PBXFileReference section */
		4F1AE3341CC5CD6E0011BEBB /* C006ZigzagConversion.cpp */ = {isa = PBXFileReference; fileEncoding = 4; lastKnownFileType = sourcecode.cpp.cpp; path = C006ZigzagConversion.cpp; sourceTree = "<group>"; };
		4F1AE3351CC5CD6E0011BEBB /* C006ZigzagConversion.hpp */ = {isa = PBXFileReference; fileEncoding = 4; lastKnownFileType = sourcecode.cpp.h; path = C006ZigzagConversion.hpp; sourceTree = "<group>"; };
		4F1AE33A1CC684CB0011BEBB /* C007ReverseInteger.cpp */ = {isa = PBXFileReference; fileEncoding = 4; lastKnownFileType = sourcecode.cpp.cpp; path = C007ReverseInteger.cpp; sourceTree = "<group>"; };
		4F1AE33B1CC684CB0011BEBB /* C007ReverseInteger.hpp */ = {isa = PBXFileReference; fileEncoding = 4; lastKnownFileType = sourcecode.cpp.h; path = C007ReverseInteger.hpp; sourceTree = "<group>"; };
		4F1AE33D1CC693D80011BEBB /* C008StringToInteger.cpp */ = {isa = PBXFileReference; fileEncoding = 4; lastKnownFileType = sourcecode.cpp.cpp; path = C008StringToInteger.cpp; sourceTree = "<group>"; };
		4F1AE33E1CC693D80011BEBB /* C008StringToInteger.hpp */ = {isa = PBXFileReference; fileEncoding = 4; lastKnownFileType = sourcecode.cpp.h; path = C008StringToInteger.hpp; sourceTree = "<group>"; };
		4F1AE3441CC775260011BEBB /* C096UniqueBinarySearchTrees.cpp */ = {isa = PBXFileReference; fileEncoding = 4; lastKnownFileType = sourcecode.cpp.cpp; path = C096UniqueBinarySearchTrees.cpp; sourceTree = "<group>"; };
		4F1AE3451CC775260011BEBB /* C096UniqueBinarySearchTrees.hpp */ = {isa = PBXFileReference; fileEncoding = 4; lastKnownFileType = sourcecode.cpp.h; path = C096UniqueBinarySearchTrees.hpp; sourceTree = "<group>"; };
		4F1AE3471CC9C08F0011BEBB /* C098ValidateBinarySearchTree.cpp */ = {isa = PBXFileReference; fileEncoding = 4; lastKnownFileType = sourcecode.cpp.cpp; path = C098ValidateBinarySearchTree.cpp; sourceTree = "<group>"; };
		4F1AE3481CC9C08F0011BEBB /* C098ValidateBinarySearchTree.hpp */ = {isa = PBXFileReference; fileEncoding = 4; lastKnownFileType = sourcecode.cpp.h; path = C098ValidateBinarySearchTree.hpp; sourceTree = "<group>"; };
		4F2079FF1C916FEE0013D4C0 /* LeetCodeTest */ = {isa = PBXFileReference; explicitFileType = "compiled.mach-o.executable"; includeInIndex = 0; path = LeetCodeTest; sourceTree = BUILT_PRODUCTS_DIR; };
		4F207A021C916FEE0013D4C0 /* main.cpp */ = {isa = PBXFileReference; lastKnownFileType = sourcecode.cpp.cpp; path = main.cpp; sourceTree = "<group>"; };
		4F207A091C91703C0013D4C0 /* C002Add2Nums.cpp */ = {isa = PBXFileReference; fileEncoding = 4; lastKnownFileType = sourcecode.cpp.cpp; path = C002Add2Nums.cpp; sourceTree = "<group>"; };
		4F207A0A1C91703C0013D4C0 /* C002Add2Nums.hpp */ = {isa = PBXFileReference; fileEncoding = 4; lastKnownFileType = sourcecode.cpp.h; path = C002Add2Nums.hpp; sourceTree = "<group>"; };
		4F207A0C1C917AD70013D4C0 /* C001TwoSum.cpp */ = {isa = PBXFileReference; fileEncoding = 4; lastKnownFileType = sourcecode.cpp.cpp; path = C001TwoSum.cpp; sourceTree = "<group>"; };
		4F207A0D1C917AD70013D4C0 /* C001TwoSum.hpp */ = {isa = PBXFileReference; fileEncoding = 4; lastKnownFileType = sourcecode.cpp.h; path = C001TwoSum.hpp; sourceTree = "<group>"; };
		4F4652791CC4D9CA008A886B /* C257BinaryTreePath.cpp */ = {isa = PBXFileReference; fileEncoding = 4; lastKnownFileType = sourcecode.cpp.cpp; path = C257BinaryTreePath.cpp; sourceTree = "<group>"; };
		4F46527A1CC4D9CA008A886B /* C257BinaryTreePath.hpp */ = {isa = PBXFileReference; fileEncoding = 4; lastKnownFileType = sourcecode.cpp.h; path = C257BinaryTreePath.hpp; sourceTree = "<group>"; };
		4F46527C1CC4EB13008A886B /* C113PathSumII.cpp */ = {isa = PBXFileReference; fileEncoding = 4; lastKnownFileType = sourcecode.cpp.cpp; path = C113PathSumII.cpp; sourceTree = "<group>"; };
		4F46527D1CC4EB13008A886B /* C113PathSumII.hpp */ = {isa = PBXFileReference; fileEncoding = 4; lastKnownFileType = sourcecode.cpp.h; path = C113PathSumII.hpp; sourceTree = "<group>"; };
		4F46527F1CC52BC1008A886B /* C112PathSum.cpp */ = {isa = PBXFileReference; fileEncoding = 4; lastKnownFileType = sourcecode.cpp.cpp; path = C112PathSum.cpp; sourceTree = "<group>"; };
		4F4652801CC52BC1008A886B /* C112PathSum.hpp */ = {isa = PBXFileReference; fileEncoding = 4; lastKnownFileType = sourcecode.cpp.h; path = C112PathSum.hpp; sourceTree = "<group>"; };
		4F709FFA1CA54E4500A36A03 /* C104MaxDepthOfBTree.cpp */ = {isa = PBXFileReference; fileEncoding = 4; lastKnownFileType = sourcecode.cpp.cpp; path = C104MaxDepthOfBTree.cpp; sourceTree = "<group>"; };
		4F709FFB1CA54E4500A36A03 /* C104MaxDepthOfBTree.hpp */ = {isa = PBXFileReference; fileEncoding = 4; lastKnownFileType = sourcecode.cpp.h; path = C104MaxDepthOfBTree.hpp; sourceTree = "<group>"; };
		4F709FFD1CA9090A00A36A03 /* C111MinDepthOfBTree.cpp */ = {isa = PBXFileReference; fileEncoding = 4; lastKnownFileType = sourcecode.cpp.cpp; path = C111MinDepthOfBTree.cpp; sourceTree = "<group>"; };
		4F709FFE1CA9090A00A36A03 /* C111MinDepthOfBTree.hpp */ = {isa = PBXFileReference; fileEncoding = 4; lastKnownFileType = sourcecode.cpp.h; path = C111MinDepthOfBTree.hpp; sourceTree = "<group>"; };
		4FB5BB301CCFB9E8002916B6 /* C013Roman2Integer.cpp */ = {isa = PBXFileReference; fileEncoding = 4; lastKnownFileType = sourcecode.cpp.cpp; path = C013Roman2Integer.cpp; sourceTree = "<group>"; };
		4FB5BB311CCFB9E8002916B6 /* C013Roman2Integer.hpp */ = {isa = PBXFileReference; fileEncoding = 4; lastKnownFileType = sourcecode.cpp.h; path = C013Roman2Integer.hpp; sourceTree = "<group>"; };
		4FB5BB331CCFCB6B002916B6 /* C012Integer2Roman.cpp */ = {isa = PBXFileReference; fileEncoding = 4; lastKnownFileType = sourcecode.cpp.cpp; path = C012Integer2Roman.cpp; sourceTree = "<group>"; };
		4FB5BB341CCFCB6B002916B6 /* C012Integer2Roman.hpp */ = {isa = PBXFileReference; fileEncoding = 4; lastKnownFileType = sourcecode.cpp.h; path = C012Integer2Roman.hpp; sourceTree = "<group>"; };
		4FC321F91C97F7D6008351B2 /* C035SearchInsertPosition.cpp */ = {isa = PBXFileReference; fileEncoding = 4; lastKnownFileType = sourcecode.cpp.cpp; path = C035SearchInsertPosition.cpp; sourceTree = "<group>"; };
		4FC321FA1C97F7D6008351B2 /* C035SearchInsertPosition.hpp */ = {isa = PBXFileReference; fileEncoding = 4; lastKnownFileType = sourcecode.cpp.h; path = C035SearchInsertPosition.hpp; sourceTree = "<group>"; };
		4FC557601CBB81BE00238B52 /* C101SymmetricTree.cpp */ = {isa = PBXFileReference; fileEncoding = 4; lastKnownFileType = sourcecode.cpp.cpp; path = C101SymmetricTree.cpp; sourceTree = "<group>"; };
		4FC557611CBB81BE00238B52 /* C101SymmetricTree.hpp */ = {isa = PBXFileReference; fileEncoding = 4; lastKnownFileType = sourcecode.cpp.h; path = C101SymmetricTree.hpp; sourceTree = "<group>"; };
		4FCCA8301CC0933A002C6979 /* C102_BinaryTreeLevelOrderTraversal.cpp */ = {isa = PBXFileReference; fileEncoding = 4; lastKnownFileType = sourcecode.cpp.cpp; path = C102_BinaryTreeLevelOrderTraversal.cpp; sourceTree = "<group>"; };
		4FCCA8311CC0933A002C6979 /* C102_BinaryTreeLevelOrderTraversal.hpp */ = {isa = PBXFileReference; fileEncoding = 4; lastKnownFileType = sourcecode.cpp.h; path = C102_BinaryTreeLevelOrderTraversal.hpp; sourceTree = "<group>"; };
		4FCCA8361CC0F603002C6979 /* C103BinaryTreeZigzagLevelOrderTraversal.cpp */ = {isa = PBXFileReference; fileEncoding = 4; lastKnownFileType = sourcecode.cpp.cpp; path = C103BinaryTreeZigzagLevelOrderTraversal.cpp; sourceTree = "<group>"; };
		4FCCA8371CC0F603002C6979 /* C103BinaryTreeZigzagLevelOrderTraversal.hpp */ = {isa = PBXFileReference; fileEncoding = 4; lastKnownFileType = sourcecode.cpp.h; path = C103BinaryTreeZigzagLevelOrderTraversal.hpp; sourceTree = "<group>"; };
		4FEE19A21CB020CC00EA0E39 /* C003LengthOfLongestSubstring.cpp */ = {isa = PBXFileReference; fileEncoding = 4; lastKnownFileType = sourcecode.cpp.cpp; path = C003LengthOfLongestSubstring.cpp; sourceTree = "<group>"; };
		4FEE19A31CB020CC00EA0E39 /* C003LengthOfLongestSubstring.hpp */ = {isa = PBXFileReference; fileEncoding = 4; lastKnownFileType = sourcecode.cpp.h; path = C003LengthOfLongestSubstring.hpp; sourceTree = "<group>"; };
		4FEE19A51CB69F2B00EA0E39 /* C226InvertBinaryTree.cpp */ = {isa = PBXFileReference; fileEncoding = 4; lastKnownFileType = sourcecode.cpp.cpp; path = C226InvertBinaryTree.cpp; sourceTree = "<group>"; };
		4FEE19A61CB69F2B00EA0E39 /* C226InvertBinaryTree.hpp */ = {isa = PBXFileReference; fileEncoding = 4; lastKnownFileType = sourcecode.cpp.h; path = C226InvertBinaryTree.hpp; sourceTree = "<group>"; };
		4FEE19A81CB6B0D900EA0E39 /* C100SameTree.cpp */ = {isa = PBXFileReference; fileEncoding = 4; lastKnownFileType = sourcecode.cpp.cpp; path = C100SameTree.cpp; sourceTree = "<group>"; };
		4FEE19A91CB6B0D900EA0E39 /* C100SameTree.hpp */ = {isa = PBXFileReference; fileEncoding = 4; lastKnownFileType = sourcecode.cpp.h; path = C100SameTree.hpp; sourceTree = "<group>"; };
		4FF1BF9D1CAA3AFB006F930B /* CBinaryTree.cpp */ = {isa = PBXFileReference; fileEncoding = 4; lastKnownFileType = sourcecode.cpp.cpp; path = CBinaryTree.cpp; sourceTree = "<group>"; };
		4FF1BF9E1CAA3AFB006F930B /* CBinaryTree.hpp */ = {isa = PBXFileReference; fileEncoding = 4; lastKnownFileType = sourcecode.cpp.h; path = CBinaryTree.hpp; sourceTree = "<group>"; };
		4FF1BFA01CAA3C87006F930B /* C114BinaryTreePreorderTraversal.cpp */ = {isa = PBXFileReference; fileEncoding = 4; lastKnownFileType = sourcecode.cpp.cpp; path = C114BinaryTreePreorderTraversal.cpp; sourceTree = "<group>"; };
		4FF1BFA11CAA3C87006F930B /* C114BinaryTreePreorderTraversal.hpp */ = {isa = PBXFileReference; fileEncoding = 4; lastKnownFileType = sourcecode.cpp.h; path = C114BinaryTreePreorderTraversal.hpp; sourceTree = "<group>"; };
		4FF1BFA31CAA4603006F930B /* C094BinaryTreeInorderTraversal.cpp */ = {isa = PBXFileReference; fileEncoding = 4; lastKnownFileType = sourcecode.cpp.cpp; path = C094BinaryTreeInorderTraversal.cpp; sourceTree = "<group>"; };
		4FF1BFA41CAA4603006F930B /* C094BinaryTreeInorderTraversal.hpp */ = {isa = PBXFileReference; fileEncoding = 4; lastKnownFileType = sourcecode.cpp.h; path = C094BinaryTreeInorderTraversal.hpp; sourceTree = "<group>"; };
		4FF1BFA61CAA49DC006F930B /* C145BinaryTreePostorderTraversal.cpp */ = {isa = PBXFileReference; fileEncoding = 4; lastKnownFileType = sourcecode.cpp.cpp; path = C145BinaryTreePostorderTraversal.cpp; sourceTree = "<group>"; };
		4FF1BFA71CAA49DC006F930B /* C145BinaryTreePostorderTraversal.hpp */ = {isa = PBXFileReference; fileEncoding = 4; lastKnownFileType = sourcecode.cpp.h; path = C145BinaryTreePostorderTraversal.hpp; sourceTree = "<group>"; };
		4FF1BFA91CAA8DC9006F930B /* C206ReverseLinkedList.cpp */ = {isa = PBXFileReference; fileEncoding = 4; lastKnownFileType = sourcecode.cpp.cpp; path = C206ReverseLinkedList.cpp; sourceTree = "<group>"; };
		4FF1BFAA1CAA8DC9006F930B /* C206ReverseLinkedList.hpp */ = {isa = PBXFileReference; fileEncoding = 4; lastKnownFileType = sourcecode.cpp.h; path = C206ReverseLinkedList.hpp; sourceTree = "<group>"; };
		4FF1BFAC1CAAE553006F930B /* C092ReverseLinkedListII.cpp */ = {isa = PBXFileReference; fileEncoding = 4; lastKnownFileType = sourcecode.cpp.cpp; path = C092ReverseLinkedListII.cpp; sourceTree = "<group>"; };
		4FF1BFAD1CAAE553006F930B /* C092ReverseLinkedListII.hpp */ = {isa = PBXFileReference; fileEncoding = 4; lastKnownFileType = sourcecode.cpp.h; path = C092ReverseLinkedListII.hpp; sourceTree = "<group>"; };
		4FF1BFB01CAAE8EE006F930B /* BasicDataStructure.h */ = {isa = PBXFileReference; lastKnownFileType = sourcecode.c.h; path = BasicDataStructure.h; sourceTree = "<group>"; };
/* End PBXFileReference section */

/* Begin PBXFrameworksBuildPhase section */
		4F2079FC1C916FEE0013D4C0 /* Frameworks */ = {
			isa = PBXFrameworksBuildPhase;
			buildActionMask = 2147483647;
			files = (
			);
			runOnlyForDeploymentPostprocessing = 0;
		};
/* End PBXFrameworksBuildPhase section */

/* Begin PBXGroup section */
		4F1AE3401CC758910011BEBB /* BinaryTree */ = {
			isa = PBXGroup;
			children = (
				4FF1BFA31CAA4603006F930B /* C094BinaryTreeInorderTraversal.cpp */,
				4FF1BFA41CAA4603006F930B /* C094BinaryTreeInorderTraversal.hpp */,
				4F1AE3471CC9C08F0011BEBB /* C098ValidateBinarySearchTree.cpp */,
				4F1AE3481CC9C08F0011BEBB /* C098ValidateBinarySearchTree.hpp */,
				4FEE19A81CB6B0D900EA0E39 /* C100SameTree.cpp */,
				4FEE19A91CB6B0D900EA0E39 /* C100SameTree.hpp */,
				4FC557601CBB81BE00238B52 /* C101SymmetricTree.cpp */,
				4FC557611CBB81BE00238B52 /* C101SymmetricTree.hpp */,
				4FCCA8301CC0933A002C6979 /* C102_BinaryTreeLevelOrderTraversal.cpp */,
				4FCCA8311CC0933A002C6979 /* C102_BinaryTreeLevelOrderTraversal.hpp */,
				4FCCA8361CC0F603002C6979 /* C103BinaryTreeZigzagLevelOrderTraversal.cpp */,
				4FCCA8371CC0F603002C6979 /* C103BinaryTreeZigzagLevelOrderTraversal.hpp */,
				4F709FFA1CA54E4500A36A03 /* C104MaxDepthOfBTree.cpp */,
				4F709FFB1CA54E4500A36A03 /* C104MaxDepthOfBTree.hpp */,
				4F709FFD1CA9090A00A36A03 /* C111MinDepthOfBTree.cpp */,
				4F709FFE1CA9090A00A36A03 /* C111MinDepthOfBTree.hpp */,
				4F46527F1CC52BC1008A886B /* C112PathSum.cpp */,
				4F4652801CC52BC1008A886B /* C112PathSum.hpp */,
				4F46527C1CC4EB13008A886B /* C113PathSumII.cpp */,
				4F46527D1CC4EB13008A886B /* C113PathSumII.hpp */,
				4FF1BFA01CAA3C87006F930B /* C114BinaryTreePreorderTraversal.cpp */,
				4FF1BFA11CAA3C87006F930B /* C114BinaryTreePreorderTraversal.hpp */,
				4FF1BFA61CAA49DC006F930B /* C145BinaryTreePostorderTraversal.cpp */,
				4FF1BFA71CAA49DC006F930B /* C145BinaryTreePostorderTraversal.hpp */,
				4FEE19A51CB69F2B00EA0E39 /* C226InvertBinaryTree.cpp */,
				4FEE19A61CB69F2B00EA0E39 /* C226InvertBinaryTree.hpp */,
				4F4652791CC4D9CA008A886B /* C257BinaryTreePath.cpp */,
				4F46527A1CC4D9CA008A886B /* C257BinaryTreePath.hpp */,
				4FF1BF9D1CAA3AFB006F930B /* CBinaryTree.cpp */,
				4FF1BF9E1CAA3AFB006F930B /* CBinaryTree.hpp */,
			);
			name = BinaryTree;
			sourceTree = "<group>";
		};
		4F1AE3411CC7591D0011BEBB /* StringProcess */ = {
			isa = PBXGroup;
			children = (
				4FEE19A21CB020CC00EA0E39 /* C003LengthOfLongestSubstring.cpp */,
				4FEE19A31CB020CC00EA0E39 /* C003LengthOfLongestSubstring.hpp */,
				4F1AE3341CC5CD6E0011BEBB /* C006ZigzagConversion.cpp */,
				4F1AE3351CC5CD6E0011BEBB /* C006ZigzagConversion.hpp */,
				4F1AE33D1CC693D80011BEBB /* C008StringToInteger.cpp */,
				4F1AE33E1CC693D80011BEBB /* C008StringToInteger.hpp */,
				4FB5BB331CCFCB6B002916B6 /* C012Integer2Roman.cpp */,
				4FB5BB341CCFCB6B002916B6 /* C012Integer2Roman.hpp */,
				4FB5BB301CCFB9E8002916B6 /* C013Roman2Integer.cpp */,
				4FB5BB311CCFB9E8002916B6 /* C013Roman2Integer.hpp */,
				4FC321F91C97F7D6008351B2 /* C035SearchInsertPosition.cpp */,
				4FC321FA1C97F7D6008351B2 /* C035SearchInsertPosition.hpp */,
			);
			name = StringProcess;
			sourceTree = "<group>";
		};
		4F1AE3421CC75E240011BEBB /* List */ = {
			isa = PBXGroup;
			children = (
				4FF1BFAC1CAAE553006F930B /* C092ReverseLinkedListII.cpp */,
				4FF1BFAD1CAAE553006F930B /* C092ReverseLinkedListII.hpp */,
				4FF1BFA91CAA8DC9006F930B /* C206ReverseLinkedList.cpp */,
				4FF1BFAA1CAA8DC9006F930B /* C206ReverseLinkedList.hpp */,
			);
			name = List;
			sourceTree = "<group>";
		};
		4F1AE3431CC760EA0011BEBB /* Arithmatic */ = {
			isa = PBXGroup;
			children = (
				4F207A0C1C917AD70013D4C0 /* C001TwoSum.cpp */,
				4F207A0D1C917AD70013D4C0 /* C001TwoSum.hpp */,
				4F207A091C91703C0013D4C0 /* C002Add2Nums.cpp */,
				4F207A0A1C91703C0013D4C0 /* C002Add2Nums.hpp */,
				4F1AE33A1CC684CB0011BEBB /* C007ReverseInteger.cpp */,
				4F1AE33B1CC684CB0011BEBB /* C007ReverseInteger.hpp */,
			);
			name = Arithmatic;
			sourceTree = "<group>";
		};
		4F2079F61C916FEE0013D4C0 = {
			isa = PBXGroup;
			children = (
				4F207A011C916FEE0013D4C0 /* LeetCodeTest */,
				4F207A001C916FEE0013D4C0 /* Products */,
			);
			sourceTree = "<group>";
		};
		4F207A001C916FEE0013D4C0 /* Products */ = {
			isa = PBXGroup;
			children = (
				4F2079FF1C916FEE0013D4C0 /* LeetCodeTest */,
			);
			name = Products;
			sourceTree = "<group>";
		};
		4F207A011C916FEE0013D4C0 /* LeetCodeTest */ = {
			isa = PBXGroup;
			children = (
				4F1AE3431CC760EA0011BEBB /* Arithmatic */,
				4F1AE3421CC75E240011BEBB /* List */,
				4F1AE3411CC7591D0011BEBB /* StringProcess */,
				4F1AE3401CC758910011BEBB /* BinaryTree */,
				4F207A021C916FEE0013D4C0 /* main.cpp */,
				4F1AE3441CC775260011BEBB /* C096UniqueBinarySearchTrees.cpp */,
				4F1AE3451CC775260011BEBB /* C096UniqueBinarySearchTrees.hpp */,
				4FF1BFB01CAAE8EE006F930B /* BasicDataStructure.h */,
			);
			path = LeetCodeTest;
			sourceTree = "<group>";
		};
/* End PBXGroup section */

/* Begin PBXNativeTarget section */
		4F2079FE1C916FEE0013D4C0 /* LeetCodeTest */ = {
			isa = PBXNativeTarget;
			buildConfigurationList = 4F207A061C916FEE0013D4C0 /* Build configuration list for PBXNativeTarget "LeetCodeTest" */;
			buildPhases = (
				4F2079FB1C916FEE0013D4C0 /* Sources */,
				4F2079FC1C916FEE0013D4C0 /* Frameworks */,
				4F2079FD1C916FEE0013D4C0 /* CopyFiles */,
			);
			buildRules = (
			);
			dependencies = (
			);
			name = LeetCodeTest;
			productName = LeetCodeTest;
			productReference = 4F2079FF1C916FEE0013D4C0 /* LeetCodeTest */;
			productType = "com.apple.product-type.tool";
		};
/* End PBXNativeTarget section */

/* Begin PBXProject section */
		4F2079F71C916FEE0013D4C0 /* Project object */ = {
			isa = PBXProject;
			attributes = {
				LastUpgradeCheck = 0720;
				ORGANIZATIONNAME = "ChenYi-Hung";
				TargetAttributes = {
					4F2079FE1C916FEE0013D4C0 = {
						CreatedOnToolsVersion = 7.2.1;
					};
				};
			};
			buildConfigurationList = 4F2079FA1C916FEE0013D4C0 /* Build configuration list for PBXProject "LeetCodeTest" */;
			compatibilityVersion = "Xcode 3.2";
			developmentRegion = English;
			hasScannedForEncodings = 0;
			knownRegions = (
				en,
			);
			mainGroup = 4F2079F61C916FEE0013D4C0;
			productRefGroup = 4F207A001C916FEE0013D4C0 /* Products */;
			projectDirPath = "";
			projectRoot = "";
			targets = (
				4F2079FE1C916FEE0013D4C0 /* LeetCodeTest */,
			);
		};
/* End PBXProject section */

/* Begin PBXSourcesBuildPhase section */
		4F2079FB1C916FEE0013D4C0 /* Sources */ = {
			isa = PBXSourcesBuildPhase;
			buildActionMask = 2147483647;
			files = (
				4FC321FB1C97F7D6008351B2 /* C035SearchInsertPosition.cpp in Sources */,
				4FF1BFA21CAA3C87006F930B /* C114BinaryTreePreorderTraversal.cpp in Sources */,
				4FF1BFAB1CAA8DC9006F930B /* C206ReverseLinkedList.cpp in Sources */,
				4F207A0B1C91703C0013D4C0 /* C002Add2Nums.cpp in Sources */,
				4FF1BF9F1CAA3AFB006F930B /* CBinaryTree.cpp in Sources */,
				4F207A031C916FEE0013D4C0 /* main.cpp in Sources */,
				4F1AE33C1CC684CB0011BEBB /* C007ReverseInteger.cpp in Sources */,
				4F46527B1CC4D9CA008A886B /* C257BinaryTreePath.cpp in Sources */,
				4F4652811CC52BC1008A886B /* C112PathSum.cpp in Sources */,
				4FCCA8381CC0F603002C6979 /* C103BinaryTreeZigzagLevelOrderTraversal.cpp in Sources */,
				4FF1BFA81CAA49DC006F930B /* C145BinaryTreePostorderTraversal.cpp in Sources */,
				4F1AE33F1CC693D80011BEBB /* C008StringToInteger.cpp in Sources */,
				4F1AE3491CC9C08F0011BEBB /* C098ValidateBinarySearchTree.cpp in Sources */,
				4FEE19A71CB69F2B00EA0E39 /* C226InvertBinaryTree.cpp in Sources */,
				4F46527E1CC4EB13008A886B /* C113PathSumII.cpp in Sources */,
				4F1AE3461CC775260011BEBB /* C096UniqueBinarySearchTrees.cpp in Sources */,
				4FC557621CBB81BE00238B52 /* C101SymmetricTree.cpp in Sources */,
				4FCCA8321CC0933A002C6979 /* C102_BinaryTreeLevelOrderTraversal.cpp in Sources */,
				4F207A0E1C917AD70013D4C0 /* C001TwoSum.cpp in Sources */,
				4F709FFF1CA9090A00A36A03 /* C111MinDepthOfBTree.cpp in Sources */,
				4FEE19A41CB020CC00EA0E39 /* C003LengthOfLongestSubstring.cpp in Sources */,
				4FB5BB351CCFCB6B002916B6 /* C012Integer2Roman.cpp in Sources */,
				4FF1BFA51CAA4603006F930B /* C094BinaryTreeInorderTraversal.cpp in Sources */,
				4F1AE3361CC5CD6E0011BEBB /* C006ZigzagConversion.cpp in Sources */,
				4FEE19AA1CB6B0D900EA0E39 /* C100SameTree.cpp in Sources */,
				4FB5BB321CCFB9E8002916B6 /* C013Roman2Integer.cpp in Sources */,
				4F709FFC1CA54E4500A36A03 /* C104MaxDepthOfBTree.cpp in Sources */,
				4FF1BFAE1CAAE553006F930B /* C092ReverseLinkedListII.cpp in Sources */,
			);
			runOnlyForDeploymentPostprocessing = 0;
		};
/* End PBXSourcesBuildPhase section */

/* Begin XCBuildConfiguration section */
		4F207A041C916FEE0013D4C0 /* Debug */ = {
			isa = XCBuildConfiguration;
			buildSettings = {
				ALWAYS_SEARCH_USER_PATHS = NO;
				CLANG_CXX_LANGUAGE_STANDARD = "gnu++0x";
				CLANG_CXX_LIBRARY = "libc++";
				CLANG_ENABLE_MODULES = YES;
				CLANG_ENABLE_OBJC_ARC = YES;
				CLANG_WARN_BOOL_CONVERSION = YES;
				CLANG_WARN_CONSTANT_CONVERSION = YES;
				CLANG_WARN_DIRECT_OBJC_ISA_USAGE = YES_ERROR;
				CLANG_WARN_EMPTY_BODY = YES;
				CLANG_WARN_ENUM_CONVERSION = YES;
				CLANG_WARN_INT_CONVERSION = YES;
				CLANG_WARN_OBJC_ROOT_CLASS = YES_ERROR;
				CLANG_WARN_UNREACHABLE_CODE = YES;
				CLANG_WARN__DUPLICATE_METHOD_MATCH = YES;
				CODE_SIGN_IDENTITY = "-";
				COPY_PHASE_STRIP = NO;
				DEBUG_INFORMATION_FORMAT = dwarf;
				ENABLE_STRICT_OBJC_MSGSEND = YES;
				ENABLE_TESTABILITY = YES;
				GCC_C_LANGUAGE_STANDARD = gnu99;
				GCC_DYNAMIC_NO_PIC = NO;
				GCC_NO_COMMON_BLOCKS = YES;
				GCC_OPTIMIZATION_LEVEL = 0;
				GCC_PREPROCESSOR_DEFINITIONS = (
					"DEBUG=1",
					"$(inherited)",
				);
				GCC_WARN_64_TO_32_BIT_CONVERSION = YES;
				GCC_WARN_ABOUT_RETURN_TYPE = YES_ERROR;
				GCC_WARN_UNDECLARED_SELECTOR = YES;
				GCC_WARN_UNINITIALIZED_AUTOS = YES_AGGRESSIVE;
				GCC_WARN_UNUSED_FUNCTION = YES;
				GCC_WARN_UNUSED_VARIABLE = YES;
				MACOSX_DEPLOYMENT_TARGET = 10.11;
				MTL_ENABLE_DEBUG_INFO = YES;
				ONLY_ACTIVE_ARCH = YES;
				SDKROOT = macosx;
			};
			name = Debug;
		};
		4F207A051C916FEE0013D4C0 /* Release */ = {
			isa = XCBuildConfiguration;
			buildSettings = {
				ALWAYS_SEARCH_USER_PATHS = NO;
				CLANG_CXX_LANGUAGE_STANDARD = "gnu++0x";
				CLANG_CXX_LIBRARY = "libc++";
				CLANG_ENABLE_MODULES = YES;
				CLANG_ENABLE_OBJC_ARC = YES;
				CLANG_WARN_BOOL_CONVERSION = YES;
				CLANG_WARN_CONSTANT_CONVERSION = YES;
				CLANG_WARN_DIRECT_OBJC_ISA_USAGE = YES_ERROR;
				CLANG_WARN_EMPTY_BODY = YES;
				CLANG_WARN_ENUM_CONVERSION = YES;
				CLANG_WARN_INT_CONVERSION = YES;
				CLANG_WARN_OBJC_ROOT_CLASS = YES_ERROR;
				CLANG_WARN_UNREACHABLE_CODE = YES;
				CLANG_WARN__DUPLICATE_METHOD_MATCH = YES;
				CODE_SIGN_IDENTITY = "-";
				COPY_PHASE_STRIP = NO;
				DEBUG_INFORMATION_FORMAT = "dwarf-with-dsym";
				ENABLE_NS_ASSERTIONS = NO;
				ENABLE_STRICT_OBJC_MSGSEND = YES;
				GCC_C_LANGUAGE_STANDARD = gnu99;
				GCC_NO_COMMON_BLOCKS = YES;
				GCC_WARN_64_TO_32_BIT_CONVERSION = YES;
				GCC_WARN_ABOUT_RETURN_TYPE = YES_ERROR;
				GCC_WARN_UNDECLARED_SELECTOR = YES;
				GCC_WARN_UNINITIALIZED_AUTOS = YES_AGGRESSIVE;
				GCC_WARN_UNUSED_FUNCTION = YES;
				GCC_WARN_UNUSED_VARIABLE = YES;
				MACOSX_DEPLOYMENT_TARGET = 10.11;
				MTL_ENABLE_DEBUG_INFO = NO;
				SDKROOT = macosx;
			};
			name = Release;
		};
		4F207A071C916FEE0013D4C0 /* Debug */ = {
			isa = XCBuildConfiguration;
			buildSettings = {
				PRODUCT_NAME = "$(TARGET_NAME)";
			};
			name = Debug;
		};
		4F207A081C916FEE0013D4C0 /* Release */ = {
			isa = XCBuildConfiguration;
			buildSettings = {
				PRODUCT_NAME = "$(TARGET_NAME)";
			};
			name = Release;
		};
/* End XCBuildConfiguration section */

/* Begin XCConfigurationList section */
		4F2079FA1C916FEE0013D4C0 /* Build configuration list for PBXProject "LeetCodeTest" */ = {
			isa = XCConfigurationList;
			buildConfigurations = (
				4F207A041C916FEE0013D4C0 /* Debug */,
				4F207A051C916FEE0013D4C0 /* Release */,
			);
			defaultConfigurationIsVisible = 0;
			defaultConfigurationName = Release;
		};
		4F207A061C916FEE0013D4C0 /* Build configuration list for PBXNativeTarget "LeetCodeTest" */ = {
			isa = XCConfigurationList;
			buildConfigurations = (
				4F207A071C916FEE0013D4C0 /* Debug */,
				4F207A081C916FEE0013D4C0 /* Release */,
			);
			defaultConfigurationIsVisible = 0;
			defaultConfigurationName = Release;
		};
/* End XCConfigurationList section */
	};
	rootObject = 4F2079F71C916FEE0013D4C0 /* Project object */;
}
